
Microsoft Visual Studio Solution File, Format Version 12.00
# Visual Studio 15
VisualStudioVersion = 15.0.28307.421
MinimumVisualStudioVersion = 10.0.40219.1
Project("{FAE04EC0-301F-11D3-BF4B-00C04F79EFBC}") = "Reservatie.Core", "Reservatie.Models\Reservatie.Core.csproj", "{77C8BE80-FABA-41EE-BB34-BEB9DAAADBA4}"
EndProject
Project("{FAE04EC0-301F-11D3-BF4B-00C04F79EFBC}") = "Reservatie.Web", "Reservatie.Web\Reservatie.Web.csproj", "{5ED0142D-F124-4181-9B63-BCE7873E5EF2}"
EndProject
Project("{FAE04EC0-301F-11D3-BF4B-00C04F79EFBC}") = "Reservatie.UnitTests", "Reservatie.UnitTests\Reservatie.UnitTests.csproj", "{7CD7B602-E219-40F6-8B67-099D35801B1F}"
EndProject
Project("{FAE04EC0-301F-11D3-BF4B-00C04F79EFBC}") = "Reservatie.API", "Reservaties.API\Reservatie.API.csproj", "{4C7B211B-C99A-426E-9773-381BABC653FE}"
EndProject
Global
	GlobalSection(SolutionConfigurationPlatforms) = preSolution
		Debug|Any CPU = Debug|Any CPU
		Release|Any CPU = Release|Any CPU
	EndGlobalSection
	GlobalSection(ProjectConfigurationPlatforms) = postSolution
		{77C8BE80-FABA-41EE-BB34-BEB9DAAADBA4}.Debug|Any CPU.ActiveCfg = Debug|Any CPU
		{77C8BE80-FABA-41EE-BB34-BEB9DAAADBA4}.Debug|Any CPU.Build.0 = Debug|Any CPU
		{77C8BE80-FABA-41EE-BB34-BEB9DAAADBA4}.Release|Any CPU.ActiveCfg = Release|Any CPU
		{77C8BE80-FABA-41EE-BB34-BEB9DAAADBA4}.Release|Any CPU.Build.0 = Release|Any CPU
		{5ED0142D-F124-4181-9B63-BCE7873E5EF2}.Debug|Any CPU.ActiveCfg = Debug|Any CPU
		{5ED0142D-F124-4181-9B63-BCE7873E5EF2}.Debug|Any CPU.Build.0 = Debug|Any CPU
		{5ED0142D-F124-4181-9B63-BCE7873E5EF2}.Release|Any CPU.ActiveCfg = Release|Any CPU
		{5ED0142D-F124-4181-9B63-BCE7873E5EF2}.Release|Any CPU.Build.0 = Release|Any CPU
		{7CD7B602-E219-40F6-8B67-099D35801B1F}.Debug|Any CPU.ActiveCfg = Debug|Any CPU
		{7CD7B602-E219-40F6-8B67-099D35801B1F}.Debug|Any CPU.Build.0 = Debug|Any CPU
		{7CD7B602-E219-40F6-8B67-099D35801B1F}.Release|Any CPU.ActiveCfg = Release|Any CPU
		{7CD7B602-E219-40F6-8B67-099D35801B1F}.Release|Any CPU.Build.0 = Release|Any CPU
		{4C7B211B-C99A-426E-9773-381BABC653FE}.Debug|Any CPU.ActiveCfg = Debug|Any CPU
		{4C7B211B-C99A-426E-9773-381BABC653FE}.Debug|Any CPU.Build.0 = Debug|Any CPU
		{4C7B211B-C99A-426E-9773-381BABC653FE}.Release|Any CPU.ActiveCfg = Release|Any CPU
		{4C7B211B-C99A-426E-9773-381BABC653FE}.Release|Any CPU.Build.0 = Release|Any CPU
	EndGlobalSection
	GlobalSection(SolutionProperties) = preSolution
		HideSolutionNode = FALSE
	EndGlobalSection
	GlobalSection(ExtensibilityGlobals) = postSolution
		SolutionGuid = {178289A6-E28F-47AC-BFBE-3E98E5F9C3FD}
	EndGlobalSection
EndGlobal
